
Microsoft Visual Studio Solution File, Format Version 12.00
# Visual Studio Version 17
VisualStudioVersion = 17.11.35222.181
MinimumVisualStudioVersion = 10.0.40219.1
Project("{FAE04EC0-301F-11D3-BF4B-00C04F79EFBC}") = "HomeWork4", "HomeWork4.csproj", "{F045D6B3-B395-4B0A-83E6-D15B26D8D594}"
EndProject
Global
	GlobalSection(SolutionConfigurationPlatforms) = preSolution
		Debug|Any CPU = Debug|Any CPU
		Release|Any CPU = Release|Any CPU
	EndGlobalSection
	GlobalSection(ProjectConfigurationPlatforms) = postSolution
		{F045D6B3-B395-4B0A-83E6-D15B26D8D594}.Debug|Any CPU.ActiveCfg = Debug|Any CPU
		{F045D6B3-B395-4B0A-83E6-D15B26D8D594}.Debug|Any CPU.Build.0 = Debug|Any CPU
		{F045D6B3-B395-4B0A-83E6-D15B26D8D594}.Release|Any CPU.ActiveCfg = Release|Any CPU
		{F045D6B3-B395-4B0A-83E6-D15B26D8D594}.Release|Any CPU.Build.0 = Release|Any CPU
	EndGlobalSection
	GlobalSection(SolutionProperties) = preSolution
		HideSolutionNode = FALSE
	EndGlobalSection
	GlobalSection(ExtensibilityGlobals) = postSolution
		SolutionGuid = {84454CF7-317C-47B4-B4CB-0D7B4943DE07}
	EndGlobalSection
EndGlobal
